
Microsoft Visual Studio Solution File, Format Version 12.00
# Visual Studio Version 16
VisualStudioVersion = 16.0.29519.181
MinimumVisualStudioVersion = 10.0.40219.1
Project("{9A19103F-16F7-4668-BE54-9A1E7A4F7556}") = "WinFormNetCore", "WinFormNetCore\WinFormNetCore.csproj", "{2B7FA956-A86E-4546-BDFB-36CB902CDA54}"
EndProject
Project("{FAE04EC0-301F-11D3-BF4B-00C04F79EFBC}") = "kidsLearning", "PDFMerge\kidsLearning.csproj", "{DDD7DA09-9678-4210-9AB7-8D3ACD74AFB3}"
EndProject
Global
	GlobalSection(SolutionConfigurationPlatforms) = preSolution
		Debug|Any CPU = Debug|Any CPU
		Release|Any CPU = Release|Any CPU
	EndGlobalSection
	GlobalSection(ProjectConfigurationPlatforms) = postSolution
		{2B7FA956-A86E-4546-BDFB-36CB902CDA54}.Debug|Any CPU.ActiveCfg = Debug|Any CPU
		{2B7FA956-A86E-4546-BDFB-36CB902CDA54}.Debug|Any CPU.Build.0 = Debug|Any CPU
		{2B7FA956-A86E-4546-BDFB-36CB902CDA54}.Release|Any CPU.ActiveCfg = Release|Any CPU
		{2B7FA956-A86E-4546-BDFB-36CB902CDA54}.Release|Any CPU.Build.0 = Release|Any CPU
		{DDD7DA09-9678-4210-9AB7-8D3ACD74AFB3}.Debug|Any CPU.ActiveCfg = Debug|Any CPU
		{DDD7DA09-9678-4210-9AB7-8D3ACD74AFB3}.Debug|Any CPU.Build.0 = Debug|Any CPU
		{DDD7DA09-9678-4210-9AB7-8D3ACD74AFB3}.Release|Any CPU.ActiveCfg = Release|Any CPU
		{DDD7DA09-9678-4210-9AB7-8D3ACD74AFB3}.Release|Any CPU.Build.0 = Release|Any CPU
	EndGlobalSection
	GlobalSection(SolutionProperties) = preSolution
		HideSolutionNode = FALSE
	EndGlobalSection
	GlobalSection(ExtensibilityGlobals) = postSolution
		SolutionGuid = {2B68527C-5635-4295-BB9F-583BB5AE51E0}
	EndGlobalSection
EndGlobal
